
Microsoft Visual Studio Solution File, Format Version 12.00
# Visual Studio Version 17
VisualStudioVersion = 17.10.34928.147
MinimumVisualStudioVersion = 10.0.40219.1
Project("{FAE04EC0-301F-11D3-BF4B-00C04F79EFBC}") = "Med", "med\Med.csproj", "{1096E819-08DA-45C8-A52A-BD1918D0974B}"
EndProject
Global
	GlobalSection(SolutionConfigurationPlatforms) = preSolution
		Debug|Any CPU = Debug|Any CPU
		Release|Any CPU = Release|Any CPU
	EndGlobalSection
	GlobalSection(ProjectConfigurationPlatforms) = postSolution
		{1096E819-08DA-45C8-A52A-BD1918D0974B}.Debug|Any CPU.ActiveCfg = Debug|Any CPU
		{1096E819-08DA-45C8-A52A-BD1918D0974B}.Debug|Any CPU.Build.0 = Debug|Any CPU
		{1096E819-08DA-45C8-A52A-BD1918D0974B}.Release|Any CPU.ActiveCfg = Release|Any CPU
		{1096E819-08DA-45C8-A52A-BD1918D0974B}.Release|Any CPU.Build.0 = Release|Any CPU
	EndGlobalSection
	GlobalSection(SolutionProperties) = preSolution
		HideSolutionNode = FALSE
	EndGlobalSection
	GlobalSection(ExtensibilityGlobals) = postSolution
		SolutionGuid = {F7DBD4C3-0FA4-422F-88C4-5B483815409F}
	EndGlobalSection
EndGlobal
